
Microsoft Visual Studio Solution File, Format Version 12.00
# Visual Studio Version 16
VisualStudioVersion = 16.0.30011.22
MinimumVisualStudioVersion = 10.0.40219.1
Project("{FAE04EC0-301F-11D3-BF4B-00C04F79EFBC}") = "PerevozkaTovarov", "PerevozkaTovarov.csproj", "{682893FD-3DC5-4F0F-A936-F4F59E984D49}"
EndProject
Global
	GlobalSection(SolutionConfigurationPlatforms) = preSolution
		Debug|Any CPU = Debug|Any CPU
		Release|Any CPU = Release|Any CPU
	EndGlobalSection
	GlobalSection(ProjectConfigurationPlatforms) = postSolution
		{682893FD-3DC5-4F0F-A936-F4F59E984D49}.Debug|Any CPU.ActiveCfg = Debug|Any CPU
		{682893FD-3DC5-4F0F-A936-F4F59E984D49}.Debug|Any CPU.Build.0 = Debug|Any CPU
		{682893FD-3DC5-4F0F-A936-F4F59E984D49}.Release|Any CPU.ActiveCfg = Release|Any CPU
		{682893FD-3DC5-4F0F-A936-F4F59E984D49}.Release|Any CPU.Build.0 = Release|Any CPU
	EndGlobalSection
	GlobalSection(SolutionProperties) = preSolution
		HideSolutionNode = FALSE
	EndGlobalSection
	GlobalSection(ExtensibilityGlobals) = postSolution
		SolutionGuid = {6BDD5F7C-B1E9-4306-BAC5-3AA84DCBFCEF}
	EndGlobalSection
EndGlobal
