
Microsoft Visual Studio Solution File, Format Version 12.00
# Visual Studio Version 16
VisualStudioVersion = 16.0.30011.22
MinimumVisualStudioVersion = 10.0.40219.1
Project("{FAE04EC0-301F-11D3-BF4B-00C04F79EFBC}") = "Lab2", "Lab2.csproj", "{9A15A160-308D-4B93-8188-7100235908AF}"
EndProject
Global
	GlobalSection(SolutionConfigurationPlatforms) = preSolution
		Debug|Any CPU = Debug|Any CPU
		Release|Any CPU = Release|Any CPU
	EndGlobalSection
	GlobalSection(ProjectConfigurationPlatforms) = postSolution
		{9A15A160-308D-4B93-8188-7100235908AF}.Debug|Any CPU.ActiveCfg = Debug|Any CPU
		{9A15A160-308D-4B93-8188-7100235908AF}.Debug|Any CPU.Build.0 = Debug|Any CPU
		{9A15A160-308D-4B93-8188-7100235908AF}.Release|Any CPU.ActiveCfg = Release|Any CPU
		{9A15A160-308D-4B93-8188-7100235908AF}.Release|Any CPU.Build.0 = Release|Any CPU
	EndGlobalSection
	GlobalSection(SolutionProperties) = preSolution
		HideSolutionNode = FALSE
	EndGlobalSection
	GlobalSection(ExtensibilityGlobals) = postSolution
		SolutionGuid = {F933797E-C40B-4984-B2FB-7EAA9FF623E3}
	EndGlobalSection
EndGlobal
